
Microsoft Visual Studio Solution File, Format Version 12.00
# Visual Studio Version 17
VisualStudioVersion = 17.0.31612.314
MinimumVisualStudioVersion = 10.0.40219.1
Project("{9A19103F-16F7-4668-BE54-9A1E7A4F7556}") = "Ardalis.Specification", "Specification\src\Ardalis.Specification\Ardalis.Specification.csproj", "{5FF21FE4-19B9-4BD2-958D-EAFEDE72D7F8}"
EndProject
Project("{9A19103F-16F7-4668-BE54-9A1E7A4F7556}") = "Ardalis.Specification.UnitTests", "Specification\tests\Ardalis.Specification.UnitTests\Ardalis.Specification.UnitTests.csproj", "{85D42214-D223-4F13-9A19-9CFA0D3C1981}"
EndProject
Project("{9A19103F-16F7-4668-BE54-9A1E7A4F7556}") = "Ardalis.Specification.EntityFrameworkCore", "Specification.EntityFrameworkCore\src\Ardalis.Specification.EntityFrameworkCore\Ardalis.Specification.EntityFrameworkCore.csproj", "{5EB4ADA4-5258-4964-BD7D-11D4F926E344}"
EndProject
Project("{9A19103F-16F7-4668-BE54-9A1E7A4F7556}") = "Ardalis.Specification.EntityFrameworkCore.IntegrationTests", "Specification.EntityFrameworkCore\tests\Ardalis.Specification.EntityFrameworkCore.IntegrationTests\Ardalis.Specification.EntityFrameworkCore.IntegrationTests.csproj", "{5AFD1454-E625-451D-A615-CEB7BB09AA65}"
EndProject
Project("{2150E333-8FDC-42A3-9474-1A3956D46DE8}") = "Docker", "Docker", "{A74A4C02-5F33-4667-A627-78A5B295A61F}"
	ProjectSection(SolutionItems) = preProject
		.dockerignore = .dockerignore
		docker-compose.yml = docker-compose.yml
		Dockerfile = Dockerfile
		run-tests-docker.bat = run-tests-docker.bat
		run-tests-docker.sh = run-tests-docker.sh
	EndProjectSection
EndProject
Project("{2150E333-8FDC-42A3-9474-1A3956D46DE8}") = "_Solution Items", "_Solution Items", "{C443291A-7311-455F-9AC6-995EB29DD6D2}"
	ProjectSection(SolutionItems) = preProject
		.editorconfig = .editorconfig
		.gitignore = .gitignore
		README.md = README.md
		run-tests.sh = run-tests.sh
		setup-sqllocaldb.ps1 = setup-sqllocaldb.ps1
	EndProjectSection
EndProject
Project("{2150E333-8FDC-42A3-9474-1A3956D46DE8}") = "Sample", "Sample", "{1FCFDF4F-D0E2-4E30-8ABC-FE6DC3628228}"
EndProject
Project("{9A19103F-16F7-4668-BE54-9A1E7A4F7556}") = "Ardalis.Specification.EntityFramework6", "Specification.EntityFramework6\src\Ardalis.Specification.EntityFramework6\Ardalis.Specification.EntityFramework6.csproj", "{37EC09C7-702D-4539-B98D-F67B15E1E6CE}"
EndProject
Project("{9A19103F-16F7-4668-BE54-9A1E7A4F7556}") = "Ardalis.Specification.EntityFramework6.IntegrationTests", "Specification.EntityFramework6\tests\Ardalis.Specification.EntityFramework6.IntegrationTests\Ardalis.Specification.EntityFramework6.IntegrationTests.csproj", "{4BEB4DC4-DE33-4DF1-8A2F-CE76C1D72A4A}"
EndProject
Project("{2150E333-8FDC-42A3-9474-1A3956D46DE8}") = "Specification", "Specification", "{9CA909ED-E3A6-4D76-A4F3-250E93942813}"
EndProject
Project("{2150E333-8FDC-42A3-9474-1A3956D46DE8}") = "Specification.EntityFrameworkCore", "Specification.EntityFrameworkCore", "{B19F2F64-4B22-48C2-B2F8-7672F84F758D}"
EndProject
Project("{2150E333-8FDC-42A3-9474-1A3956D46DE8}") = "Specification.EntityFramework6", "Specification.EntityFramework6", "{327AEBD6-C8A6-4851-BA42-632F8014CFC5}"
EndProject
Project("{9A19103F-16F7-4668-BE54-9A1E7A4F7556}") = "Ardalis.Sample.Domain", "sample\Ardalis.Sample.Domain\Ardalis.Sample.Domain.csproj", "{4386E123-F4CA-4607-BD8F-8EB11D92458C}"
EndProject
Project("{9A19103F-16F7-4668-BE54-9A1E7A4F7556}") = "Ardalis.Sample.App1", "sample\Ardalis.Sample.App1\Ardalis.Sample.App1.csproj", "{EBABFB82-50D0-41A2-AEAC-F0E2C103ED08}"
EndProject
Project("{9A19103F-16F7-4668-BE54-9A1E7A4F7556}") = "Ardalis.Sample.App3", "sample\Ardalis.Sample.App3\Ardalis.Sample.App3.csproj", "{ECBFDD7F-E60F-48C4-8279-DD6B3B03D27A}"
EndProject
Project("{9A19103F-16F7-4668-BE54-9A1E7A4F7556}") = "Ardalis.Sample.App2", "sample\Ardalis.Sample.App2\Ardalis.Sample.App2.csproj", "{BDEF2EFE-6690-4022-86EF-AF7626366AD0}"
EndProject
Global
	GlobalSection(SolutionConfigurationPlatforms) = preSolution
		Debug|Any CPU = Debug|Any CPU
		Release|Any CPU = Release|Any CPU
	EndGlobalSection
	GlobalSection(ProjectConfigurationPlatforms) = postSolution
		{5FF21FE4-19B9-4BD2-958D-EAFEDE72D7F8}.Debug|Any CPU.ActiveCfg = Debug|Any CPU
		{5FF21FE4-19B9-4BD2-958D-EAFEDE72D7F8}.Debug|Any CPU.Build.0 = Debug|Any CPU
		{5FF21FE4-19B9-4BD2-958D-EAFEDE72D7F8}.Release|Any CPU.ActiveCfg = Release|Any CPU
		{5FF21FE4-19B9-4BD2-958D-EAFEDE72D7F8}.Release|Any CPU.Build.0 = Release|Any CPU
		{85D42214-D223-4F13-9A19-9CFA0D3C1981}.Debug|Any CPU.ActiveCfg = Debug|Any CPU
		{85D42214-D223-4F13-9A19-9CFA0D3C1981}.Debug|Any CPU.Build.0 = Debug|Any CPU
		{85D42214-D223-4F13-9A19-9CFA0D3C1981}.Release|Any CPU.ActiveCfg = Release|Any CPU
		{85D42214-D223-4F13-9A19-9CFA0D3C1981}.Release|Any CPU.Build.0 = Release|Any CPU
		{5EB4ADA4-5258-4964-BD7D-11D4F926E344}.Debug|Any CPU.ActiveCfg = Debug|Any CPU
		{5EB4ADA4-5258-4964-BD7D-11D4F926E344}.Debug|Any CPU.Build.0 = Debug|Any CPU
		{5EB4ADA4-5258-4964-BD7D-11D4F926E344}.Release|Any CPU.ActiveCfg = Release|Any CPU
		{5EB4ADA4-5258-4964-BD7D-11D4F926E344}.Release|Any CPU.Build.0 = Release|Any CPU
		{5AFD1454-E625-451D-A615-CEB7BB09AA65}.Debug|Any CPU.ActiveCfg = Debug|Any CPU
		{5AFD1454-E625-451D-A615-CEB7BB09AA65}.Debug|Any CPU.Build.0 = Debug|Any CPU
		{5AFD1454-E625-451D-A615-CEB7BB09AA65}.Release|Any CPU.ActiveCfg = Release|Any CPU
		{5AFD1454-E625-451D-A615-CEB7BB09AA65}.Release|Any CPU.Build.0 = Release|Any CPU
		{37EC09C7-702D-4539-B98D-F67B15E1E6CE}.Debug|Any CPU.ActiveCfg = Debug|Any CPU
		{37EC09C7-702D-4539-B98D-F67B15E1E6CE}.Debug|Any CPU.Build.0 = Debug|Any CPU
		{37EC09C7-702D-4539-B98D-F67B15E1E6CE}.Release|Any CPU.ActiveCfg = Release|Any CPU
		{37EC09C7-702D-4539-B98D-F67B15E1E6CE}.Release|Any CPU.Build.0 = Release|Any CPU
		{4BEB4DC4-DE33-4DF1-8A2F-CE76C1D72A4A}.Debug|Any CPU.ActiveCfg = Debug|Any CPU
		{4BEB4DC4-DE33-4DF1-8A2F-CE76C1D72A4A}.Debug|Any CPU.Build.0 = Debug|Any CPU
		{4BEB4DC4-DE33-4DF1-8A2F-CE76C1D72A4A}.Release|Any CPU.ActiveCfg = Release|Any CPU
		{4BEB4DC4-DE33-4DF1-8A2F-CE76C1D72A4A}.Release|Any CPU.Build.0 = Release|Any CPU
		{4386E123-F4CA-4607-BD8F-8EB11D92458C}.Debug|Any CPU.ActiveCfg = Debug|Any CPU
		{4386E123-F4CA-4607-BD8F-8EB11D92458C}.Debug|Any CPU.Build.0 = Debug|Any CPU
		{4386E123-F4CA-4607-BD8F-8EB11D92458C}.Release|Any CPU.ActiveCfg = Release|Any CPU
		{4386E123-F4CA-4607-BD8F-8EB11D92458C}.Release|Any CPU.Build.0 = Release|Any CPU
		{EBABFB82-50D0-41A2-AEAC-F0E2C103ED08}.Debug|Any CPU.ActiveCfg = Debug|Any CPU
		{EBABFB82-50D0-41A2-AEAC-F0E2C103ED08}.Debug|Any CPU.Build.0 = Debug|Any CPU
		{EBABFB82-50D0-41A2-AEAC-F0E2C103ED08}.Release|Any CPU.ActiveCfg = Release|Any CPU
		{EBABFB82-50D0-41A2-AEAC-F0E2C103ED08}.Release|Any CPU.Build.0 = Release|Any CPU
		{ECBFDD7F-E60F-48C4-8279-DD6B3B03D27A}.Debug|Any CPU.ActiveCfg = Debug|Any CPU
		{ECBFDD7F-E60F-48C4-8279-DD6B3B03D27A}.Debug|Any CPU.Build.0 = Debug|Any CPU
		{ECBFDD7F-E60F-48C4-8279-DD6B3B03D27A}.Release|Any CPU.ActiveCfg = Release|Any CPU
		{ECBFDD7F-E60F-48C4-8279-DD6B3B03D27A}.Release|Any CPU.Build.0 = Release|Any CPU
		{BDEF2EFE-6690-4022-86EF-AF7626366AD0}.Debug|Any CPU.ActiveCfg = Debug|Any CPU
		{BDEF2EFE-6690-4022-86EF-AF7626366AD0}.Debug|Any CPU.Build.0 = Debug|Any CPU
		{BDEF2EFE-6690-4022-86EF-AF7626366AD0}.Release|Any CPU.ActiveCfg = Release|Any CPU
		{BDEF2EFE-6690-4022-86EF-AF7626366AD0}.Release|Any CPU.Build.0 = Release|Any CPU
	EndGlobalSection
	GlobalSection(SolutionProperties) = preSolution
		HideSolutionNode = FALSE
	EndGlobalSection
	GlobalSection(NestedProjects) = preSolution
		{5FF21FE4-19B9-4BD2-958D-EAFEDE72D7F8} = {9CA909ED-E3A6-4D76-A4F3-250E93942813}
		{85D42214-D223-4F13-9A19-9CFA0D3C1981} = {9CA909ED-E3A6-4D76-A4F3-250E93942813}
		{5EB4ADA4-5258-4964-BD7D-11D4F926E344} = {B19F2F64-4B22-48C2-B2F8-7672F84F758D}
		{5AFD1454-E625-451D-A615-CEB7BB09AA65} = {B19F2F64-4B22-48C2-B2F8-7672F84F758D}
		{37EC09C7-702D-4539-B98D-F67B15E1E6CE} = {327AEBD6-C8A6-4851-BA42-632F8014CFC5}
		{4BEB4DC4-DE33-4DF1-8A2F-CE76C1D72A4A} = {327AEBD6-C8A6-4851-BA42-632F8014CFC5}
		{4386E123-F4CA-4607-BD8F-8EB11D92458C} = {1FCFDF4F-D0E2-4E30-8ABC-FE6DC3628228}
		{EBABFB82-50D0-41A2-AEAC-F0E2C103ED08} = {1FCFDF4F-D0E2-4E30-8ABC-FE6DC3628228}
		{ECBFDD7F-E60F-48C4-8279-DD6B3B03D27A} = {1FCFDF4F-D0E2-4E30-8ABC-FE6DC3628228}
		{BDEF2EFE-6690-4022-86EF-AF7626366AD0} = {1FCFDF4F-D0E2-4E30-8ABC-FE6DC3628228}
	EndGlobalSection
	GlobalSection(ExtensibilityGlobals) = postSolution
		SolutionGuid = {C153A625-42F7-49A7-B99A-6A78B4B866B2}
	EndGlobalSection
EndGlobal
