
Microsoft Visual Studio Solution File, Format Version 12.00
# Visual Studio Version 16
VisualStudioVersion = 16.0.29009.5
MinimumVisualStudioVersion = 10.0.40219.1
Project("{9A19103F-16F7-4668-BE54-9A1E7A4F7556}") = "Ardalis.SampleApp.Core", "sample\Ardalis.SampleApp.Core\Ardalis.SampleApp.Core.csproj", "{CAAAD1EF-5375-4B71-92CB-237692D60262}"
EndProject
Project("{9A19103F-16F7-4668-BE54-9A1E7A4F7556}") = "Ardalis.SampleApp.Web", "sample\Ardalis.SampleApp.Web\Ardalis.SampleApp.Web.csproj", "{EB3F4056-691C-4D22-903B-A2467D93D552}"
EndProject
Project("{9A19103F-16F7-4668-BE54-9A1E7A4F7556}") = "Ardalis.SampleApp.Infrastructure", "sample\Ardalis.SampleApp.Infrastructure\Ardalis.SampleApp.Infrastructure.csproj", "{C2EC4331-4C8A-4121-A68C-4C96A7D40A98}"
EndProject
Project("{9A19103F-16F7-4668-BE54-9A1E7A4F7556}") = "Ardalis.Specification", "ArdalisSpecification\src\Ardalis.Specification\Ardalis.Specification.csproj", "{5FF21FE4-19B9-4BD2-958D-EAFEDE72D7F8}"
EndProject
Project("{9A19103F-16F7-4668-BE54-9A1E7A4F7556}") = "Ardalis.Specification.UnitTests", "ArdalisSpecification\tests\Ardalis.Specification.UnitTests\Ardalis.Specification.UnitTests.csproj", "{85D42214-D223-4F13-9A19-9CFA0D3C1981}"
EndProject
Project("{9A19103F-16F7-4668-BE54-9A1E7A4F7556}") = "Ardalis.Specification.EntityFrameworkCore", "ArdalisSpecificationEF\src\Ardalis.Specification.EF\Ardalis.Specification.EntityFrameworkCore.csproj", "{5EB4ADA4-5258-4964-BD7D-11D4F926E344}"
EndProject
Project("{9A19103F-16F7-4668-BE54-9A1E7A4F7556}") = "Ardalis.Specification.EntityFrameworkCore.IntegrationTests", "ArdalisSpecificationEF\tests\Ardalis.Specification.EF.IntegrationTests\Ardalis.Specification.EntityFrameworkCore.IntegrationTests.csproj", "{5AFD1454-E625-451D-A615-CEB7BB09AA65}"
EndProject
Project("{2150E333-8FDC-42A3-9474-1A3956D46DE8}") = "ArdalisSpecification", "ArdalisSpecification", "{EA343A2D-E8F2-4526-B478-912DF621AC4D}"
EndProject
Project("{2150E333-8FDC-42A3-9474-1A3956D46DE8}") = "ArdalisSpecificationEF", "ArdalisSpecificationEF", "{D62C3C92-3643-4E25-B7A4-11CCE15DDBC8}"
EndProject
Project("{2150E333-8FDC-42A3-9474-1A3956D46DE8}") = "Docker", "Docker", "{A74A4C02-5F33-4667-A627-78A5B295A61F}"
	ProjectSection(SolutionItems) = preProject
		.dockerignore = .dockerignore
		docker-compose.yml = docker-compose.yml
		Dockerfile = Dockerfile
		RunTests.bat = RunTests.bat
		RunTests.sh = RunTests.sh
	EndProjectSection
EndProject
Project("{2150E333-8FDC-42A3-9474-1A3956D46DE8}") = "AzurePipeline", "AzurePipeline", "{900638AF-E2F6-4FC9-9A97-E305C23F74FB}"
	ProjectSection(SolutionItems) = preProject
		azure-pipelines.yml.obsolete = azure-pipelines.yml.obsolete
		GetCoverage.sh = GetCoverage.sh
	EndProjectSection
EndProject
Project("{2150E333-8FDC-42A3-9474-1A3956D46DE8}") = "_Solution Items", "_Solution Items", "{C443291A-7311-455F-9AC6-995EB29DD6D2}"
	ProjectSection(SolutionItems) = preProject
		README.md = README.md
	EndProjectSection
EndProject
Project("{2150E333-8FDC-42A3-9474-1A3956D46DE8}") = "Sample", "Sample", "{1FCFDF4F-D0E2-4E30-8ABC-FE6DC3628228}"
EndProject
Project("{FAE04EC0-301F-11D3-BF4B-00C04F79EFBC}") = "Ardalis.Specification.EntityFramework6", "ArdalisSpecificationEF\src\Ardalis.Specification.EntityFramework6\Ardalis.Specification.EntityFramework6.csproj", "{37EC09C7-702D-4539-B98D-F67B15E1E6CE}"
EndProject
Global
	GlobalSection(SolutionConfigurationPlatforms) = preSolution
		Debug|Any CPU = Debug|Any CPU
		Release|Any CPU = Release|Any CPU
	EndGlobalSection
	GlobalSection(ProjectConfigurationPlatforms) = postSolution
		{CAAAD1EF-5375-4B71-92CB-237692D60262}.Debug|Any CPU.ActiveCfg = Debug|Any CPU
		{CAAAD1EF-5375-4B71-92CB-237692D60262}.Debug|Any CPU.Build.0 = Debug|Any CPU
		{CAAAD1EF-5375-4B71-92CB-237692D60262}.Release|Any CPU.ActiveCfg = Release|Any CPU
		{CAAAD1EF-5375-4B71-92CB-237692D60262}.Release|Any CPU.Build.0 = Release|Any CPU
		{EB3F4056-691C-4D22-903B-A2467D93D552}.Debug|Any CPU.ActiveCfg = Debug|Any CPU
		{EB3F4056-691C-4D22-903B-A2467D93D552}.Debug|Any CPU.Build.0 = Debug|Any CPU
		{EB3F4056-691C-4D22-903B-A2467D93D552}.Release|Any CPU.ActiveCfg = Release|Any CPU
		{EB3F4056-691C-4D22-903B-A2467D93D552}.Release|Any CPU.Build.0 = Release|Any CPU
		{C2EC4331-4C8A-4121-A68C-4C96A7D40A98}.Debug|Any CPU.ActiveCfg = Debug|Any CPU
		{C2EC4331-4C8A-4121-A68C-4C96A7D40A98}.Debug|Any CPU.Build.0 = Debug|Any CPU
		{C2EC4331-4C8A-4121-A68C-4C96A7D40A98}.Release|Any CPU.ActiveCfg = Release|Any CPU
		{C2EC4331-4C8A-4121-A68C-4C96A7D40A98}.Release|Any CPU.Build.0 = Release|Any CPU
		{5FF21FE4-19B9-4BD2-958D-EAFEDE72D7F8}.Debug|Any CPU.ActiveCfg = Debug|Any CPU
		{5FF21FE4-19B9-4BD2-958D-EAFEDE72D7F8}.Debug|Any CPU.Build.0 = Debug|Any CPU
		{5FF21FE4-19B9-4BD2-958D-EAFEDE72D7F8}.Release|Any CPU.ActiveCfg = Release|Any CPU
		{5FF21FE4-19B9-4BD2-958D-EAFEDE72D7F8}.Release|Any CPU.Build.0 = Release|Any CPU
		{85D42214-D223-4F13-9A19-9CFA0D3C1981}.Debug|Any CPU.ActiveCfg = Debug|Any CPU
		{85D42214-D223-4F13-9A19-9CFA0D3C1981}.Debug|Any CPU.Build.0 = Debug|Any CPU
		{85D42214-D223-4F13-9A19-9CFA0D3C1981}.Release|Any CPU.ActiveCfg = Release|Any CPU
		{85D42214-D223-4F13-9A19-9CFA0D3C1981}.Release|Any CPU.Build.0 = Release|Any CPU
		{5EB4ADA4-5258-4964-BD7D-11D4F926E344}.Debug|Any CPU.ActiveCfg = Debug|Any CPU
		{5EB4ADA4-5258-4964-BD7D-11D4F926E344}.Debug|Any CPU.Build.0 = Debug|Any CPU
		{5EB4ADA4-5258-4964-BD7D-11D4F926E344}.Release|Any CPU.ActiveCfg = Release|Any CPU
		{5EB4ADA4-5258-4964-BD7D-11D4F926E344}.Release|Any CPU.Build.0 = Release|Any CPU
		{5AFD1454-E625-451D-A615-CEB7BB09AA65}.Debug|Any CPU.ActiveCfg = Debug|Any CPU
		{5AFD1454-E625-451D-A615-CEB7BB09AA65}.Debug|Any CPU.Build.0 = Debug|Any CPU
		{5AFD1454-E625-451D-A615-CEB7BB09AA65}.Release|Any CPU.ActiveCfg = Release|Any CPU
		{5AFD1454-E625-451D-A615-CEB7BB09AA65}.Release|Any CPU.Build.0 = Release|Any CPU
		{37EC09C7-702D-4539-B98D-F67B15E1E6CE}.Debug|Any CPU.ActiveCfg = Debug|Any CPU
		{37EC09C7-702D-4539-B98D-F67B15E1E6CE}.Debug|Any CPU.Build.0 = Debug|Any CPU
		{37EC09C7-702D-4539-B98D-F67B15E1E6CE}.Release|Any CPU.ActiveCfg = Release|Any CPU
		{37EC09C7-702D-4539-B98D-F67B15E1E6CE}.Release|Any CPU.Build.0 = Release|Any CPU
	EndGlobalSection
	GlobalSection(SolutionProperties) = preSolution
		HideSolutionNode = FALSE
	EndGlobalSection
	GlobalSection(NestedProjects) = preSolution
		{CAAAD1EF-5375-4B71-92CB-237692D60262} = {1FCFDF4F-D0E2-4E30-8ABC-FE6DC3628228}
		{EB3F4056-691C-4D22-903B-A2467D93D552} = {1FCFDF4F-D0E2-4E30-8ABC-FE6DC3628228}
		{C2EC4331-4C8A-4121-A68C-4C96A7D40A98} = {1FCFDF4F-D0E2-4E30-8ABC-FE6DC3628228}
		{5FF21FE4-19B9-4BD2-958D-EAFEDE72D7F8} = {EA343A2D-E8F2-4526-B478-912DF621AC4D}
		{85D42214-D223-4F13-9A19-9CFA0D3C1981} = {EA343A2D-E8F2-4526-B478-912DF621AC4D}
		{5EB4ADA4-5258-4964-BD7D-11D4F926E344} = {D62C3C92-3643-4E25-B7A4-11CCE15DDBC8}
		{5AFD1454-E625-451D-A615-CEB7BB09AA65} = {D62C3C92-3643-4E25-B7A4-11CCE15DDBC8}
		{37EC09C7-702D-4539-B98D-F67B15E1E6CE} = {D62C3C92-3643-4E25-B7A4-11CCE15DDBC8}
	EndGlobalSection
	GlobalSection(ExtensibilityGlobals) = postSolution
		SolutionGuid = {C153A625-42F7-49A7-B99A-6A78B4B866B2}
	EndGlobalSection
EndGlobal
